# This file is autogenerated, do not edit; changes may be undone by the next 'dep ensure'.


[[projects]]
  branch = "master"
  digest = "1:f58a0eecb488f257d1402eec4e30a36cd7e95adf3339d15749f9e553f6d2ec46"
  name = "github.com/andygrunwald/cachet"
  packages = ["."]
  pruneopts = "UT"
  revision = "2a1ca51087fd066e39ff3624eb72437a44f3f0d1"

[[projects]]
  digest = "1:a63cff6b5d8b95638bfe300385d93b2a6d9d687734b863da8e09dc834510a690"
  name = "github.com/google/go-querystring"
  packages = ["query"]
  pruneopts = "UT"
  revision = "44c6ddd0a2342c386950e880b658017258da92fc"
  version = "v1.0.0"

[[projects]]
  branch = "master"
  digest = "1:d8df7283dcf89c2e4b8a730e6113d42e4efd3771a97e25fcd0069188f0e5060c"
  name = "github.com/prometheus/alertmanager"
  packages = [
    "asset",
    "pkg/modtimevfs",
    "template",
    "types",
  ]
  pruneopts = "UT"
  revision = "cfc0d9c55882dd501ec881ebe4606cf8d78bf8b6"

[[projects]]
  branch = "master"
  digest = "1:e15b82241f69fbb9fa3fda4de33b8851935a379f688b185b09c3aa7a0a466a30"
  name = "github.com/prometheus/common"
  packages = ["model"]
  pruneopts = "UT"
  revision = "67670fe90761d7ff18ec1d640135e53b9198328f"

[[projects]]
  branch = "master"
  digest = "1:d716544630de6b0d07c24bd4690547b6db84a8f62f71939a2957aec1a7b824d2"
  name = "github.com/shurcooL/httpfs"
  packages = [
    "filter",
    "union",
    "vfsutil",
  ]
  pruneopts = "UT"
  revision = "74dc9339e414ad069a8d04bba7e7aafd08043a25"

[[projects]]
  branch = "master"
  digest = "1:98450c86949b8cdc4637b80c1c686ca955e503d3fbae9296d1f49c532895d281"
  name = "github.com/shurcooL/vfsgen"
  packages = ["."]
  pruneopts = "UT"
  revision = "6a9ea43bcacdf716a5c1b38efff722c07adf0069"

[solve-meta]
  analyzer-name = "dep"
  analyzer-version = 1
  input-imports = [
    "github.com/andygrunwald/cachet",
    "github.com/prometheus/alertmanager/template",
  ]
  solver-name = "gps-cdcl"
  solver-version = 1
